
Microsoft Visual Studio Solution File, Format Version 12.00
# Visual Studio Version 16
VisualStudioVersion = 16.0.30804.86
MinimumVisualStudioVersion = 10.0.40219.1
Project("{FAE04EC0-301F-11D3-BF4B-00C04F79EFBC}") = "CarRaceApp", "CarRaceApp\CarRaceApp.csproj", "{B066DA2D-2A66-49F6-BF90-9F2198B7354D}"
EndProject
Project("{FAE04EC0-301F-11D3-BF4B-00C04F79EFBC}") = "CarRaceLibrary", "CarRaceLibrary\CarRaceLibrary.csproj", "{7E671E76-651B-4C4A-BA2C-334AD25A65D9}"
EndProject
Project("{FAE04EC0-301F-11D3-BF4B-00C04F79EFBC}") = "CarRaceXUnitTest", "CarRaceXUnitTest\CarRaceXUnitTest.csproj", "{73618510-5BE1-4A44-8061-DA062CC08193}"
EndProject
Global
	GlobalSection(SolutionConfigurationPlatforms) = preSolution
		Debug|Any CPU = Debug|Any CPU
		Release|Any CPU = Release|Any CPU
	EndGlobalSection
	GlobalSection(ProjectConfigurationPlatforms) = postSolution
		{B066DA2D-2A66-49F6-BF90-9F2198B7354D}.Debug|Any CPU.ActiveCfg = Debug|Any CPU
		{B066DA2D-2A66-49F6-BF90-9F2198B7354D}.Debug|Any CPU.Build.0 = Debug|Any CPU
		{B066DA2D-2A66-49F6-BF90-9F2198B7354D}.Release|Any CPU.ActiveCfg = Release|Any CPU
		{B066DA2D-2A66-49F6-BF90-9F2198B7354D}.Release|Any CPU.Build.0 = Release|Any CPU
		{7E671E76-651B-4C4A-BA2C-334AD25A65D9}.Debug|Any CPU.ActiveCfg = Debug|Any CPU
		{7E671E76-651B-4C4A-BA2C-334AD25A65D9}.Debug|Any CPU.Build.0 = Debug|Any CPU
		{7E671E76-651B-4C4A-BA2C-334AD25A65D9}.Release|Any CPU.ActiveCfg = Release|Any CPU
		{7E671E76-651B-4C4A-BA2C-334AD25A65D9}.Release|Any CPU.Build.0 = Release|Any CPU
		{73618510-5BE1-4A44-8061-DA062CC08193}.Debug|Any CPU.ActiveCfg = Debug|Any CPU
		{73618510-5BE1-4A44-8061-DA062CC08193}.Debug|Any CPU.Build.0 = Debug|Any CPU
		{73618510-5BE1-4A44-8061-DA062CC08193}.Release|Any CPU.ActiveCfg = Release|Any CPU
		{73618510-5BE1-4A44-8061-DA062CC08193}.Release|Any CPU.Build.0 = Release|Any CPU
	EndGlobalSection
	GlobalSection(SolutionProperties) = preSolution
		HideSolutionNode = FALSE
	EndGlobalSection
	GlobalSection(ExtensibilityGlobals) = postSolution
		SolutionGuid = {B2CC605C-3C7C-4303-B40A-F67C0789BEC4}
	EndGlobalSection
EndGlobal
